
Microsoft Visual Studio Solution File, Format Version 12.00
Project("{FAE04EC0-301F-11D3-BF4B-00C04F79EFBC}") = "NemerleCore", "NemerleCore\NemerleCore.csproj", "{831351F9-D2FE-4BE7-994C-7C088AE8552D}"
EndProject
Project("{FAE04EC0-301F-11D3-BF4B-00C04F79EFBC}") = "NemerleCompilerCore", "NemerleCompilerCore\NemerleCompilerCore.csproj", "{32DA3B84-6D15-4A85-A507-FCC4B87C605C}"
EndProject
Global
	GlobalSection(SolutionConfigurationPlatforms) = preSolution
		Debug|Any CPU = Debug|Any CPU
		Release|Any CPU = Release|Any CPU
	EndGlobalSection
	GlobalSection(ProjectConfigurationPlatforms) = postSolution
		{831351F9-D2FE-4BE7-994C-7C088AE8552D}.Debug|Any CPU.ActiveCfg = Debug|Any CPU
		{831351F9-D2FE-4BE7-994C-7C088AE8552D}.Debug|Any CPU.Build.0 = Debug|Any CPU
		{831351F9-D2FE-4BE7-994C-7C088AE8552D}.Release|Any CPU.ActiveCfg = Release|Any CPU
		{831351F9-D2FE-4BE7-994C-7C088AE8552D}.Release|Any CPU.Build.0 = Release|Any CPU
		{32DA3B84-6D15-4A85-A507-FCC4B87C605C}.Debug|Any CPU.ActiveCfg = Debug|Any CPU
		{32DA3B84-6D15-4A85-A507-FCC4B87C605C}.Debug|Any CPU.Build.0 = Debug|Any CPU
		{32DA3B84-6D15-4A85-A507-FCC4B87C605C}.Release|Any CPU.ActiveCfg = Release|Any CPU
		{32DA3B84-6D15-4A85-A507-FCC4B87C605C}.Release|Any CPU.Build.0 = Release|Any CPU
	EndGlobalSection
EndGlobal
